# This file is automatically @generated by Cargo.
# It is not intended for manual editing.
version = 3

[[package]]
name = "advent-of-code-2023"
version = "0.1.0"
dependencies = [
 "almanac",
 "boat_race",
 "camel_cards",
 "cube_game",
 "gondola_lift",
 "network_nodes",
 "oasis",
 "pipe_maze",
 "scratchcard",
 "trebuchet",
]

[[package]]
name = "almanac"
version = "0.1.0"

[[package]]
name = "boat_race"
version = "0.1.0"

[[package]]
name = "camel_cards"
version = "0.1.0"

[[package]]
name = "cube_game"
version = "0.1.0"

[[package]]
name = "gondola_lift"
version = "0.1.0"

[[package]]
name = "network_nodes"
version = "0.1.0"

[[package]]
name = "oasis"
version = "0.1.0"

[[package]]
name = "pipe_maze"
version = "0.1.0"

[[package]]
name = "scratchcard"
version = "0.1.0"

[[package]]
name = "trebuchet"
version = "0.1.0"
